// !$*UTF8*$!
{
	archiveVersion = 1;
	classes = {
	};
	objectVersion = 56;
	objects = {

/* Begin PBXBuildFile section */
		8F30D20F2CAD75710076F247 /* Bootcamp1App.swift in Sources */ = {isa = PBXBuildFile; fileRef = 8F30D20E2CAD75710076F247 /* Bootcamp1App.swift */; };
		8F30D2112CAD75710076F247 /* ContentView.swift in Sources */ = {isa = PBXBuildFile; fileRef = 8F30D2102CAD75710076F247 /* ContentView.swift */; };
		8F30D2132CAD75760076F247 /* Assets.xcassets in Resources */ = {isa = PBXBuildFile; fileRef = 8F30D2122CAD75760076F247 /* Assets.xcassets */; };
		8F30D2162CAD75760076F247 /* Preview Assets.xcassets in Resources */ = {isa = PBXBuildFile; fileRef = 8F30D2152CAD75760076F247 /* Preview Assets.xcassets */; };
		8F30D21D2CAD792D0076F247 /* Bootcamp1_Text.swift in Sources */ = {isa = PBXBuildFile; fileRef = 8F30D21C2CAD792D0076F247 /* Bootcamp1_Text.swift */; };
		8F992B942CAEE4BA0065AEC0 /* Bootcamp2_Shapes.swift in Sources */ = {isa = PBXBuildFile; fileRef = 8F992B932CAEE4BA0065AEC0 /* Bootcamp2_Shapes.swift */; };
		8FA8C1392CBB5E2F005CF0DD /* Bootcomp10_EnumsInits.swift in Sources */ = {isa = PBXBuildFile; fileRef = 8FA8C1382CBB5E2F005CF0DD /* Bootcomp10_EnumsInits.swift */; };
		8FA8C13B2CBB6C24005CF0DD /* Bootcamp14_ForEach.swift in Sources */ = {isa = PBXBuildFile; fileRef = 8FA8C13A2CBB6C24005CF0DD /* Bootcamp14_ForEach.swift */; };
		8FA8C13D2CBB7177005CF0DD /* BootCamp15_ScrollViews.swift in Sources */ = {isa = PBXBuildFile; fileRef = 8FA8C13C2CBB7177005CF0DD /* BootCamp15_ScrollViews.swift */; };
		8FC908E02CBF9E2B00227299 /* Bootcamp18_Buttons.swift in Sources */ = {isa = PBXBuildFile; fileRef = 8FC908DF2CBF9E2B00227299 /* Bootcamp18_Buttons.swift */; };
		8FC908E22CBFA23D00227299 /* Bootcamp19.swift in Sources */ = {isa = PBXBuildFile; fileRef = 8FC908E12CBFA23D00227299 /* Bootcamp19.swift */; };
		8FCF5B0C2CB1C48800C2D519 /* Bootcamp4_Gradients.swift in Sources */ = {isa = PBXBuildFile; fileRef = 8FCF5B0B2CB1C48800C2D519 /* Bootcamp4_Gradients.swift */; };
		8FD2F2962CB01FEA00245F4F /* Bootcamp3_Colors.swift in Sources */ = {isa = PBXBuildFile; fileRef = 8FD2F2952CB01FEA00245F4F /* Bootcamp3_Colors.swift */; };
		8FF0AEB52CB2B82900DAB858 /* Bootcamp5_SystemIcon.swift in Sources */ = {isa = PBXBuildFile; fileRef = 8FF0AEB42CB2B82900DAB858 /* Bootcamp5_SystemIcon.swift */; };
		8FF0AEBC2CB44DAE00DAB858 /* Bootcamp6_Frames.swift in Sources */ = {isa = PBXBuildFile; fileRef = 8FF0AEBB2CB44DAE00DAB858 /* Bootcamp6_Frames.swift */; };
		8FF0AEC22CB5D84600DAB858 /* Bootcamp7_Images.swift in Sources */ = {isa = PBXBuildFile; fileRef = 8FF0AEC12CB5D84600DAB858 /* Bootcamp7_Images.swift */; };
		8FF0AEE02CB7319F00DAB858 /* Bootcamp8_Overlays.swift in Sources */ = {isa = PBXBuildFile; fileRef = 8FF0AEDF2CB7319F00DAB858 /* Bootcamp8_Overlays.swift */; };
		8FF0AEE22CB84F3600DAB858 /* Bootcamp9_Stacks.swift in Sources */ = {isa = PBXBuildFile; fileRef = 8FF0AEE12CB84F3600DAB858 /* Bootcamp9_Stacks.swift */; };
/* End PBXBuildFile section */

/* Begin PBXFileReference section */
		8F30D20B2CAD75710076F247 /* Bootcamp1.app */ = {isa = PBXFileReference; explicitFileType = wrapper.application; includeInIndex = 0; path = Bootcamp1.app; sourceTree = BUILT_PRODUCTS_DIR; };
		8F30D20E2CAD75710076F247 /* Bootcamp1App.swift */ = {isa = PBXFileReference; lastKnownFileType = sourcecode.swift; path = Bootcamp1App.swift; sourceTree = "<group>"; };
		8F30D2102CAD75710076F247 /* ContentView.swift */ = {isa = PBXFileReference; lastKnownFileType = sourcecode.swift; path = ContentView.swift; sourceTree = "<group>"; };
		8F30D2122CAD75760076F247 /* Assets.xcassets */ = {isa = PBXFileReference; lastKnownFileType = folder.assetcatalog; path = Assets.xcassets; sourceTree = "<group>"; };
		8F30D2152CAD75760076F247 /* Preview Assets.xcassets */ = {isa = PBXFileReference; lastKnownFileType = folder.assetcatalog; path = "Preview Assets.xcassets"; sourceTree = "<group>"; };
		8F30D21C2CAD792D0076F247 /* Bootcamp1_Text.swift */ = {isa = PBXFileReference; lastKnownFileType = sourcecode.swift; path = Bootcamp1_Text.swift; sourceTree = "<group>"; };
		8F992B932CAEE4BA0065AEC0 /* Bootcamp2_Shapes.swift */ = {isa = PBXFileReference; lastKnownFileType = sourcecode.swift; path = Bootcamp2_Shapes.swift; sourceTree = "<group>"; };
		8FA8C1382CBB5E2F005CF0DD /* Bootcomp10_EnumsInits.swift */ = {isa = PBXFileReference; lastKnownFileType = sourcecode.swift; path = Bootcomp10_EnumsInits.swift; sourceTree = "<group>"; };
		8FA8C13A2CBB6C24005CF0DD /* Bootcamp14_ForEach.swift */ = {isa = PBXFileReference; lastKnownFileType = sourcecode.swift; path = Bootcamp14_ForEach.swift; sourceTree = "<group>"; };
		8FA8C13C2CBB7177005CF0DD /* BootCamp15_ScrollViews.swift */ = {isa = PBXFileReference; lastKnownFileType = sourcecode.swift; path = BootCamp15_ScrollViews.swift; sourceTree = "<group>"; };
		8FC908DF2CBF9E2B00227299 /* Bootcamp18_Buttons.swift */ = {isa = PBXFileReference; lastKnownFileType = sourcecode.swift; path = Bootcamp18_Buttons.swift; sourceTree = "<group>"; };
		8FC908E12CBFA23D00227299 /* Bootcamp19.swift */ = {isa = PBXFileReference; lastKnownFileType = sourcecode.swift; path = Bootcamp19.swift; sourceTree = "<group>"; };
		8FCF5B0B2CB1C48800C2D519 /* Bootcamp4_Gradients.swift */ = {isa = PBXFileReference; lastKnownFileType = sourcecode.swift; path = Bootcamp4_Gradients.swift; sourceTree = "<group>"; };
		8FD2F2952CB01FEA00245F4F /* Bootcamp3_Colors.swift */ = {isa = PBXFileReference; lastKnownFileType = sourcecode.swift; path = Bootcamp3_Colors.swift; sourceTree = "<group>"; };
		8FF0AEB42CB2B82900DAB858 /* Bootcamp5_SystemIcon.swift */ = {isa = PBXFileReference; lastKnownFileType = sourcecode.swift; path = Bootcamp5_SystemIcon.swift; sourceTree = "<group>"; };
		8FF0AEBB2CB44DAE00DAB858 /* Bootcamp6_Frames.swift */ = {isa = PBXFileReference; lastKnownFileType = sourcecode.swift; path = Bootcamp6_Frames.swift; sourceTree = "<group>"; };
		8FF0AEC12CB5D84600DAB858 /* Bootcamp7_Images.swift */ = {isa = PBXFileReference; lastKnownFileType = sourcecode.swift; path = Bootcamp7_Images.swift; sourceTree = "<group>"; };
		8FF0AEDF2CB7319F00DAB858 /* Bootcamp8_Overlays.swift */ = {isa = PBXFileReference; lastKnownFileType = sourcecode.swift; path = Bootcamp8_Overlays.swift; sourceTree = "<group>"; };
		8FF0AEE12CB84F3600DAB858 /* Bootcamp9_Stacks.swift */ = {isa = PBXFileReference; lastKnownFileType = sourcecode.swift; path = Bootcamp9_Stacks.swift; sourceTree = "<group>"; };
/* End PBXFileReference section */

/* Begin PBXFrameworksBuildPhase section */
		8F30D2082CAD75710076F247 /* Frameworks */ = {
			isa = PBXFrameworksBuildPhase;
			buildActionMask = 2147483647;
			files = (
			);
			runOnlyForDeploymentPostprocessing = 0;
		};
/* End PBXFrameworksBuildPhase section */

/* Begin PBXGroup section */
		8F30D2022CAD75710076F247 = {
			isa = PBXGroup;
			children = (
				8F30D20D2CAD75710076F247 /* Bootcamp1 */,
				8F30D20C2CAD75710076F247 /* Products */,
			);
			sourceTree = "<group>";
		};
		8F30D20C2CAD75710076F247 /* Products */ = {
			isa = PBXGroup;
			children = (
				8F30D20B2CAD75710076F247 /* Bootcamp1.app */,
			);
			name = Products;
			sourceTree = "<group>";
		};
		8F30D20D2CAD75710076F247 /* Bootcamp1 */ = {
			isa = PBXGroup;
			children = (
				8F30D20E2CAD75710076F247 /* Bootcamp1App.swift */,
				8F30D21C2CAD792D0076F247 /* Bootcamp1_Text.swift */,
				8F992B932CAEE4BA0065AEC0 /* Bootcamp2_Shapes.swift */,
				8FD2F2952CB01FEA00245F4F /* Bootcamp3_Colors.swift */,
				8FCF5B0B2CB1C48800C2D519 /* Bootcamp4_Gradients.swift */,
				8FF0AEB42CB2B82900DAB858 /* Bootcamp5_SystemIcon.swift */,
				8FF0AEBB2CB44DAE00DAB858 /* Bootcamp6_Frames.swift */,
				8FF0AEC12CB5D84600DAB858 /* Bootcamp7_Images.swift */,
				8FF0AEDF2CB7319F00DAB858 /* Bootcamp8_Overlays.swift */,
				8FF0AEE12CB84F3600DAB858 /* Bootcamp9_Stacks.swift */,
				8FA8C1382CBB5E2F005CF0DD /* Bootcomp10_EnumsInits.swift */,
				8FA8C13A2CBB6C24005CF0DD /* Bootcamp14_ForEach.swift */,
				8FA8C13C2CBB7177005CF0DD /* BootCamp15_ScrollViews.swift */,
				8FC908DF2CBF9E2B00227299 /* Bootcamp18_Buttons.swift */,
				8FC908E12CBFA23D00227299 /* Bootcamp19.swift */,
				8F30D2102CAD75710076F247 /* ContentView.swift */,
				8F30D2122CAD75760076F247 /* Assets.xcassets */,
				8F30D2142CAD75760076F247 /* Preview Content */,
			);
			path = Bootcamp1;
			sourceTree = "<group>";
		};
		8F30D2142CAD75760076F247 /* Preview Content */ = {
			isa = PBXGroup;
			children = (
				8F30D2152CAD75760076F247 /* Preview Assets.xcassets */,
			);
			path = "Preview Content";
			sourceTree = "<group>";
		};
/* End PBXGroup section */

/* Begin PBXNativeTarget section */
		8F30D20A2CAD75710076F247 /* Bootcamp1 */ = {
			isa = PBXNativeTarget;
			buildConfigurationList = 8F30D2192CAD75760076F247 /* Build configuration list for PBXNativeTarget "Bootcamp1" */;
			buildPhases = (
				8F30D2072CAD75710076F247 /* Sources */,
				8F30D2082CAD75710076F247 /* Frameworks */,
				8F30D2092CAD75710076F247 /* Resources */,
			);
			buildRules = (
			);
			dependencies = (
			);
			name = Bootcamp1;
			productName = Bootcamp1;
			productReference = 8F30D20B2CAD75710076F247 /* Bootcamp1.app */;
			productType = "com.apple.product-type.application";
		};
/* End PBXNativeTarget section */

/* Begin PBXProject section */
		8F30D2032CAD75710076F247 /* Project object */ = {
			isa = PBXProject;
			attributes = {
				BuildIndependentTargetsInParallel = 1;
				LastSwiftUpdateCheck = 1540;
				LastUpgradeCheck = 1540;
				TargetAttributes = {
					8F30D20A2CAD75710076F247 = {
						CreatedOnToolsVersion = 15.4;
					};
				};
			};
			buildConfigurationList = 8F30D2062CAD75710076F247 /* Build configuration list for PBXProject "Bootcamp1" */;
			compatibilityVersion = "Xcode 14.0";
			developmentRegion = en;
			hasScannedForEncodings = 0;
			knownRegions = (
				en,
				Base,
			);
			mainGroup = 8F30D2022CAD75710076F247;
			productRefGroup = 8F30D20C2CAD75710076F247 /* Products */;
			projectDirPath = "";
			projectRoot = "";
			targets = (
				8F30D20A2CAD75710076F247 /* Bootcamp1 */,
			);
		};
/* End PBXProject section */

/* Begin PBXResourcesBuildPhase section */
		8F30D2092CAD75710076F247 /* Resources */ = {
			isa = PBXResourcesBuildPhase;
			buildActionMask = 2147483647;
			files = (
				8F30D2162CAD75760076F247 /* Preview Assets.xcassets in Resources */,
				8F30D2132CAD75760076F247 /* Assets.xcassets in Resources */,
			);
			runOnlyForDeploymentPostprocessing = 0;
		};
/* End PBXResourcesBuildPhase section */

/* Begin PBXSourcesBuildPhase section */
		8F30D2072CAD75710076F247 /* Sources */ = {
			isa = PBXSourcesBuildPhase;
			buildActionMask = 2147483647;
			files = (
				8F30D21D2CAD792D0076F247 /* Bootcamp1_Text.swift in Sources */,
				8FF0AEC22CB5D84600DAB858 /* Bootcamp7_Images.swift in Sources */,
				8FF0AEBC2CB44DAE00DAB858 /* Bootcamp6_Frames.swift in Sources */,
				8F30D2112CAD75710076F247 /* ContentView.swift in Sources */,
				8FA8C1392CBB5E2F005CF0DD /* Bootcomp10_EnumsInits.swift in Sources */,
				8F992B942CAEE4BA0065AEC0 /* Bootcamp2_Shapes.swift in Sources */,
				8FF0AEB52CB2B82900DAB858 /* Bootcamp5_SystemIcon.swift in Sources */,
				8FF0AEE02CB7319F00DAB858 /* Bootcamp8_Overlays.swift in Sources */,
				8FCF5B0C2CB1C48800C2D519 /* Bootcamp4_Gradients.swift in Sources */,
				8FC908E02CBF9E2B00227299 /* Bootcamp18_Buttons.swift in Sources */,
				8FC908E22CBFA23D00227299 /* Bootcamp19.swift in Sources */,
				8FD2F2962CB01FEA00245F4F /* Bootcamp3_Colors.swift in Sources */,
				8FA8C13D2CBB7177005CF0DD /* BootCamp15_ScrollViews.swift in Sources */,
				8FF0AEE22CB84F3600DAB858 /* Bootcamp9_Stacks.swift in Sources */,
				8F30D20F2CAD75710076F247 /* Bootcamp1App.swift in Sources */,
				8FA8C13B2CBB6C24005CF0DD /* Bootcamp14_ForEach.swift in Sources */,
			);
			runOnlyForDeploymentPostprocessing = 0;
		};
/* End PBXSourcesBuildPhase section */

/* Begin XCBuildConfiguration section */
		8F30D2172CAD75760076F247 /* Debug */ = {
			isa = XCBuildConfiguration;
			buildSettings = {
				ALWAYS_SEARCH_USER_PATHS = NO;
				ASSETCATALOG_COMPILER_GENERATE_SWIFT_ASSET_SYMBOL_EXTENSIONS = YES;
				CLANG_ANALYZER_NONNULL = YES;
				CLANG_ANALYZER_NUMBER_OBJECT_CONVERSION = YES_AGGRESSIVE;
				CLANG_CXX_LANGUAGE_STANDARD = "gnu++20";
				CLANG_ENABLE_MODULES = YES;
				CLANG_ENABLE_OBJC_ARC = YES;
				CLANG_ENABLE_OBJC_WEAK = YES;
				CLANG_WARN_BLOCK_CAPTURE_AUTORELEASING = YES;
				CLANG_WARN_BOOL_CONVERSION = YES;
				CLANG_WARN_COMMA = YES;
				CLANG_WARN_CONSTANT_CONVERSION = YES;
				CLANG_WARN_DEPRECATED_OBJC_IMPLEMENTATIONS = YES;
				CLANG_WARN_DIRECT_OBJC_ISA_USAGE = YES_ERROR;
				CLANG_WARN_DOCUMENTATION_COMMENTS = YES;
				CLANG_WARN_EMPTY_BODY = YES;
				CLANG_WARN_ENUM_CONVERSION = YES;
				CLANG_WARN_INFINITE_RECURSION = YES;
				CLANG_WARN_INT_CONVERSION = YES;
				CLANG_WARN_NON_LITERAL_NULL_CONVERSION = YES;
				CLANG_WARN_OBJC_IMPLICIT_RETAIN_SELF = YES;
				CLANG_WARN_OBJC_LITERAL_CONVERSION = YES;
				CLANG_WARN_OBJC_ROOT_CLASS = YES_ERROR;
				CLANG_WARN_QUOTED_INCLUDE_IN_FRAMEWORK_HEADER = YES;
				CLANG_WARN_RANGE_LOOP_ANALYSIS = YES;
				CLANG_WARN_STRICT_PROTOTYPES = YES;
				CLANG_WARN_SUSPICIOUS_MOVE = YES;
				CLANG_WARN_UNGUARDED_AVAILABILITY = YES_AGGRESSIVE;
				CLANG_WARN_UNREACHABLE_CODE = YES;
				CLANG_WARN__DUPLICATE_METHOD_MATCH = YES;
				COPY_PHASE_STRIP = NO;
				DEBUG_INFORMATION_FORMAT = dwarf;
				ENABLE_STRICT_OBJC_MSGSEND = YES;
				ENABLE_TESTABILITY = YES;
				ENABLE_USER_SCRIPT_SANDBOXING = YES;
				GCC_C_LANGUAGE_STANDARD = gnu17;
				GCC_DYNAMIC_NO_PIC = NO;
				GCC_NO_COMMON_BLOCKS = YES;
				GCC_OPTIMIZATION_LEVEL = 0;
				GCC_PREPROCESSOR_DEFINITIONS = (
					"DEBUG=1",
					"$(inherited)",
				);
				GCC_WARN_64_TO_32_BIT_CONVERSION = YES;
				GCC_WARN_ABOUT_RETURN_TYPE = YES_ERROR;
				GCC_WARN_UNDECLARED_SELECTOR = YES;
				GCC_WARN_UNINITIALIZED_AUTOS = YES_AGGRESSIVE;
				GCC_WARN_UNUSED_FUNCTION = YES;
				GCC_WARN_UNUSED_VARIABLE = YES;
				IPHONEOS_DEPLOYMENT_TARGET = 17.5;
				LOCALIZATION_PREFERS_STRING_CATALOGS = YES;
				MTL_ENABLE_DEBUG_INFO = INCLUDE_SOURCE;
				MTL_FAST_MATH = YES;
				ONLY_ACTIVE_ARCH = YES;
				SDKROOT = iphoneos;
				SWIFT_ACTIVE_COMPILATION_CONDITIONS = "DEBUG $(inherited)";
				SWIFT_OPTIMIZATION_LEVEL = "-Onone";
			};
			name = Debug;
		};
		8F30D2182CAD75760076F247 /* Release */ = {
			isa = XCBuildConfiguration;
			buildSettings = {
				ALWAYS_SEARCH_USER_PATHS = NO;
				ASSETCATALOG_COMPILER_GENERATE_SWIFT_ASSET_SYMBOL_EXTENSIONS = YES;
				CLANG_ANALYZER_NONNULL = YES;
				CLANG_ANALYZER_NUMBER_OBJECT_CONVERSION = YES_AGGRESSIVE;
				CLANG_CXX_LANGUAGE_STANDARD = "gnu++20";
				CLANG_ENABLE_MODULES = YES;
				CLANG_ENABLE_OBJC_ARC = YES;
				CLANG_ENABLE_OBJC_WEAK = YES;
				CLANG_WARN_BLOCK_CAPTURE_AUTORELEASING = YES;
				CLANG_WARN_BOOL_CONVERSION = YES;
				CLANG_WARN_COMMA = YES;
				CLANG_WARN_CONSTANT_CONVERSION = YES;
				CLANG_WARN_DEPRECATED_OBJC_IMPLEMENTATIONS = YES;
				CLANG_WARN_DIRECT_OBJC_ISA_USAGE = YES_ERROR;
				CLANG_WARN_DOCUMENTATION_COMMENTS = YES;
				CLANG_WARN_EMPTY_BODY = YES;
				CLANG_WARN_ENUM_CONVERSION = YES;
				CLANG_WARN_INFINITE_RECURSION = YES;
				CLANG_WARN_INT_CONVERSION = YES;
				CLANG_WARN_NON_LITERAL_NULL_CONVERSION = YES;
				CLANG_WARN_OBJC_IMPLICIT_RETAIN_SELF = YES;
				CLANG_WARN_OBJC_LITERAL_CONVERSION = YES;
				CLANG_WARN_OBJC_ROOT_CLASS = YES_ERROR;
				CLANG_WARN_QUOTED_INCLUDE_IN_FRAMEWORK_HEADER = YES;
				CLANG_WARN_RANGE_LOOP_ANALYSIS = YES;
				CLANG_WARN_STRICT_PROTOTYPES = YES;
				CLANG_WARN_SUSPICIOUS_MOVE = YES;
				CLANG_WARN_UNGUARDED_AVAILABILITY = YES_AGGRESSIVE;
				CLANG_WARN_UNREACHABLE_CODE = YES;
				CLANG_WARN__DUPLICATE_METHOD_MATCH = YES;
				COPY_PHASE_STRIP = NO;
				DEBUG_INFORMATION_FORMAT = "dwarf-with-dsym";
				ENABLE_NS_ASSERTIONS = NO;
				ENABLE_STRICT_OBJC_MSGSEND = YES;
				ENABLE_USER_SCRIPT_SANDBOXING = YES;
				GCC_C_LANGUAGE_STANDARD = gnu17;
				GCC_NO_COMMON_BLOCKS = YES;
				GCC_WARN_64_TO_32_BIT_CONVERSION = YES;
				GCC_WARN_ABOUT_RETURN_TYPE = YES_ERROR;
				GCC_WARN_UNDECLARED_SELECTOR = YES;
				GCC_WARN_UNINITIALIZED_AUTOS = YES_AGGRESSIVE;
				GCC_WARN_UNUSED_FUNCTION = YES;
				GCC_WARN_UNUSED_VARIABLE = YES;
				IPHONEOS_DEPLOYMENT_TARGET = 17.5;
				LOCALIZATION_PREFERS_STRING_CATALOGS = YES;
				MTL_ENABLE_DEBUG_INFO = NO;
				MTL_FAST_MATH = YES;
				SDKROOT = iphoneos;
				SWIFT_COMPILATION_MODE = wholemodule;
				VALIDATE_PRODUCT = YES;
			};
			name = Release;
		};
		8F30D21A2CAD75760076F247 /* Debug */ = {
			isa = XCBuildConfiguration;
			buildSettings = {
				ASSETCATALOG_COMPILER_APPICON_NAME = AppIcon;
				ASSETCATALOG_COMPILER_GLOBAL_ACCENT_COLOR_NAME = AccentColor;
				CODE_SIGN_STYLE = Automatic;
				CURRENT_PROJECT_VERSION = 1;
				DEVELOPMENT_ASSET_PATHS = "\"Bootcamp1/Preview Content\"";
				ENABLE_PREVIEWS = YES;
				GENERATE_INFOPLIST_FILE = YES;
				INFOPLIST_KEY_UIApplicationSceneManifest_Generation = YES;
				INFOPLIST_KEY_UIApplicationSupportsIndirectInputEvents = YES;
				INFOPLIST_KEY_UILaunchScreen_Generation = YES;
				INFOPLIST_KEY_UISupportedInterfaceOrientations_iPad = "UIInterfaceOrientationPortrait UIInterfaceOrientationPortraitUpsideDown UIInterfaceOrientationLandscapeLeft UIInterfaceOrientationLandscapeRight";
				INFOPLIST_KEY_UISupportedInterfaceOrientations_iPhone = "UIInterfaceOrientationPortrait UIInterfaceOrientationLandscapeLeft UIInterfaceOrientationLandscapeRight";
				LD_RUNPATH_SEARCH_PATHS = (
					"$(inherited)",
					"@executable_path/Frameworks",
				);
				MARKETING_VERSION = 1.0;
				PRODUCT_BUNDLE_IDENTIFIER = com.aitkazindev.Bootcamp1;
				PRODUCT_NAME = "$(TARGET_NAME)";
				SWIFT_EMIT_LOC_STRINGS = YES;
				SWIFT_VERSION = 5.0;
				TARGETED_DEVICE_FAMILY = "1,2";
			};
			name = Debug;
		};
		8F30D21B2CAD75760076F247 /* Release */ = {
			isa = XCBuildConfiguration;
			buildSettings = {
				ASSETCATALOG_COMPILER_APPICON_NAME = AppIcon;
				ASSETCATALOG_COMPILER_GLOBAL_ACCENT_COLOR_NAME = AccentColor;
				CODE_SIGN_STYLE = Automatic;
				CURRENT_PROJECT_VERSION = 1;
				DEVELOPMENT_ASSET_PATHS = "\"Bootcamp1/Preview Content\"";
				ENABLE_PREVIEWS = YES;
				GENERATE_INFOPLIST_FILE = YES;
				INFOPLIST_KEY_UIApplicationSceneManifest_Generation = YES;
				INFOPLIST_KEY_UIApplicationSupportsIndirectInputEvents = YES;
				INFOPLIST_KEY_UILaunchScreen_Generation = YES;
				INFOPLIST_KEY_UISupportedInterfaceOrientations_iPad = "UIInterfaceOrientationPortrait UIInterfaceOrientationPortraitUpsideDown UIInterfaceOrientationLandscapeLeft UIInterfaceOrientationLandscapeRight";
				INFOPLIST_KEY_UISupportedInterfaceOrientations_iPhone = "UIInterfaceOrientationPortrait UIInterfaceOrientationLandscapeLeft UIInterfaceOrientationLandscapeRight";
				LD_RUNPATH_SEARCH_PATHS = (
					"$(inherited)",
					"@executable_path/Frameworks",
				);
				MARKETING_VERSION = 1.0;
				PRODUCT_BUNDLE_IDENTIFIER = com.aitkazindev.Bootcamp1;
				PRODUCT_NAME = "$(TARGET_NAME)";
				SWIFT_EMIT_LOC_STRINGS = YES;
				SWIFT_VERSION = 5.0;
				TARGETED_DEVICE_FAMILY = "1,2";
			};
			name = Release;
		};
/* End XCBuildConfiguration section */

/* Begin XCConfigurationList section */
		8F30D2062CAD75710076F247 /* Build configuration list for PBXProject "Bootcamp1" */ = {
			isa = XCConfigurationList;
			buildConfigurations = (
				8F30D2172CAD75760076F247 /* Debug */,
				8F30D2182CAD75760076F247 /* Release */,
			);
			defaultConfigurationIsVisible = 0;
			defaultConfigurationName = Release;
		};
		8F30D2192CAD75760076F247 /* Build configuration list for PBXNativeTarget "Bootcamp1" */ = {
			isa = XCConfigurationList;
			buildConfigurations = (
				8F30D21A2CAD75760076F247 /* Debug */,
				8F30D21B2CAD75760076F247 /* Release */,
			);
			defaultConfigurationIsVisible = 0;
			defaultConfigurationName = Release;
		};
/* End XCConfigurationList section */
	};
	rootObject = 8F30D2032CAD75710076F247 /* Project object */;
}
